
Microsoft Visual Studio Solution File, Format Version 12.00
# Visual Studio Version 16
VisualStudioVersion = 16.0.30204.135
MinimumVisualStudioVersion = 10.0.40219.1
Project("{FAE04EC0-301F-11D3-BF4B-00C04F79EFBC}") = "Api.Application", "Api.Application.csproj", "{A1F14B5C-16C0-42FB-BE3F-7DBF378557CF}"
EndProject
Project("{FAE04EC0-301F-11D3-BF4B-00C04F79EFBC}") = "Api.Domain", "..\Api.Domain\Api.Domain.csproj", "{4F183CE7-C85F-4548-8303-6ED8559C4A8B}"
EndProject
Global
	GlobalSection(SolutionConfigurationPlatforms) = preSolution
		Debug|Any CPU = Debug|Any CPU
		Release|Any CPU = Release|Any CPU
	EndGlobalSection
	GlobalSection(ProjectConfigurationPlatforms) = postSolution
		{A1F14B5C-16C0-42FB-BE3F-7DBF378557CF}.Debug|Any CPU.ActiveCfg = Debug|Any CPU
		{A1F14B5C-16C0-42FB-BE3F-7DBF378557CF}.Debug|Any CPU.Build.0 = Debug|Any CPU
		{A1F14B5C-16C0-42FB-BE3F-7DBF378557CF}.Release|Any CPU.ActiveCfg = Release|Any CPU
		{A1F14B5C-16C0-42FB-BE3F-7DBF378557CF}.Release|Any CPU.Build.0 = Release|Any CPU
		{4F183CE7-C85F-4548-8303-6ED8559C4A8B}.Debug|Any CPU.ActiveCfg = Debug|Any CPU
		{4F183CE7-C85F-4548-8303-6ED8559C4A8B}.Debug|Any CPU.Build.0 = Debug|Any CPU
		{4F183CE7-C85F-4548-8303-6ED8559C4A8B}.Release|Any CPU.ActiveCfg = Release|Any CPU
		{4F183CE7-C85F-4548-8303-6ED8559C4A8B}.Release|Any CPU.Build.0 = Release|Any CPU
	EndGlobalSection
	GlobalSection(SolutionProperties) = preSolution
		HideSolutionNode = FALSE
	EndGlobalSection
	GlobalSection(ExtensibilityGlobals) = postSolution
		SolutionGuid = {A1D5131E-4149-4679-8C0A-665960BCFC25}
	EndGlobalSection
EndGlobal
